
Microsoft Visual Studio Solution File, Format Version 12.00
# Visual Studio Version 17
VisualStudioVersion = 17.10.35004.147
MinimumVisualStudioVersion = 10.0.40219.1
Project("{9A19103F-16F7-4668-BE54-9A1E7A4F7556}") = "Util", "Util\Util.csproj", "{755F5A29-C428-4882-90E8-F0EA75B8E5BC}"
EndProject
Project("{9A19103F-16F7-4668-BE54-9A1E7A4F7556}") = "CatSync", "CatSync\CatSync.csproj", "{6DCEAEE0-DDC2-44E5-B25F-67A0882B29F7}"
EndProject
Project("{9A19103F-16F7-4668-BE54-9A1E7A4F7556}") = "Xcvr", "Xcvr\Xcvr.csproj", "{30204E8E-4177-4D3C-956C-4B91B75672D4}"
EndProject
Project("{FAE04EC0-301F-11D3-BF4B-00C04F79EFBC}") = "Config", "Config\Config.csproj", "{4BC2F096-5D8A-415E-851C-21055415E7EE}"
EndProject
Project("{9A19103F-16F7-4668-BE54-9A1E7A4F7556}") = "Serial", "Serial\Serial.csproj", "{F051A17C-9695-491A-A866-6CFCDA94C06F}"
EndProject
Project("{9A19103F-16F7-4668-BE54-9A1E7A4F7556}") = "CAT", "CAT\CAT.csproj", "{EBF3E118-6F6F-4BC9-8748-E8DC340552FF}"
EndProject
Global
	GlobalSection(SolutionConfigurationPlatforms) = preSolution
		Debug|Any CPU = Debug|Any CPU
		Release|Any CPU = Release|Any CPU
	EndGlobalSection
	GlobalSection(ProjectConfigurationPlatforms) = postSolution
		{755F5A29-C428-4882-90E8-F0EA75B8E5BC}.Debug|Any CPU.ActiveCfg = Debug|Any CPU
		{755F5A29-C428-4882-90E8-F0EA75B8E5BC}.Debug|Any CPU.Build.0 = Debug|Any CPU
		{755F5A29-C428-4882-90E8-F0EA75B8E5BC}.Release|Any CPU.ActiveCfg = Release|Any CPU
		{755F5A29-C428-4882-90E8-F0EA75B8E5BC}.Release|Any CPU.Build.0 = Release|Any CPU
		{6DCEAEE0-DDC2-44E5-B25F-67A0882B29F7}.Debug|Any CPU.ActiveCfg = Debug|Any CPU
		{6DCEAEE0-DDC2-44E5-B25F-67A0882B29F7}.Debug|Any CPU.Build.0 = Debug|Any CPU
		{6DCEAEE0-DDC2-44E5-B25F-67A0882B29F7}.Release|Any CPU.ActiveCfg = Release|Any CPU
		{6DCEAEE0-DDC2-44E5-B25F-67A0882B29F7}.Release|Any CPU.Build.0 = Release|Any CPU
		{30204E8E-4177-4D3C-956C-4B91B75672D4}.Debug|Any CPU.ActiveCfg = Debug|Any CPU
		{30204E8E-4177-4D3C-956C-4B91B75672D4}.Debug|Any CPU.Build.0 = Debug|Any CPU
		{30204E8E-4177-4D3C-956C-4B91B75672D4}.Release|Any CPU.ActiveCfg = Release|Any CPU
		{30204E8E-4177-4D3C-956C-4B91B75672D4}.Release|Any CPU.Build.0 = Release|Any CPU
		{4BC2F096-5D8A-415E-851C-21055415E7EE}.Debug|Any CPU.ActiveCfg = Debug|Any CPU
		{4BC2F096-5D8A-415E-851C-21055415E7EE}.Debug|Any CPU.Build.0 = Debug|Any CPU
		{4BC2F096-5D8A-415E-851C-21055415E7EE}.Release|Any CPU.ActiveCfg = Release|Any CPU
		{4BC2F096-5D8A-415E-851C-21055415E7EE}.Release|Any CPU.Build.0 = Release|Any CPU
		{F051A17C-9695-491A-A866-6CFCDA94C06F}.Debug|Any CPU.ActiveCfg = Debug|Any CPU
		{F051A17C-9695-491A-A866-6CFCDA94C06F}.Debug|Any CPU.Build.0 = Debug|Any CPU
		{F051A17C-9695-491A-A866-6CFCDA94C06F}.Release|Any CPU.ActiveCfg = Release|Any CPU
		{F051A17C-9695-491A-A866-6CFCDA94C06F}.Release|Any CPU.Build.0 = Release|Any CPU
		{EBF3E118-6F6F-4BC9-8748-E8DC340552FF}.Debug|Any CPU.ActiveCfg = Debug|Any CPU
		{EBF3E118-6F6F-4BC9-8748-E8DC340552FF}.Debug|Any CPU.Build.0 = Debug|Any CPU
		{EBF3E118-6F6F-4BC9-8748-E8DC340552FF}.Release|Any CPU.ActiveCfg = Release|Any CPU
		{EBF3E118-6F6F-4BC9-8748-E8DC340552FF}.Release|Any CPU.Build.0 = Release|Any CPU
	EndGlobalSection
	GlobalSection(SolutionProperties) = preSolution
		HideSolutionNode = FALSE
	EndGlobalSection
	GlobalSection(ExtensibilityGlobals) = postSolution
		SolutionGuid = {466C4F63-C27D-41C5-8DFC-DEC1941BF184}
	EndGlobalSection
EndGlobal
